version: v1

policies:
  - name: respond
    version: v1.0.0
    filePath: ./respond/v1.0.0

  - name: modify-headers
    version: v1.0.0
    filePath: ./modify-headers/v1.0.0

  - name: basic-auth
    version: v1.0.0
    filePath: ./basic-auth/v1.0.0

  - name: jwt-auth
    version: v0.1.0
    filePath: ./jwt-auth/v0.1.0

  - name: word-count-guardrail
    version: v0.1.0
    filePath: ./word-count-guardrail/v0.1.0

  - name: sentence-count-guardrail
    version: v0.1.0
    filePath: ./sentence-count-guardrail/v0.1.0

  - name: url-guardrail
    version: v0.1.0
    filePath: ./url-guardrail/v0.1.0

  - name: regex-guardrail
    version: v0.1.0
    filePath: ./regex-guardrail/v0.1.0

  - name: content-length-guardrail
    version: v0.1.0
    filePath: ./content-length-guardrail/v0.1.0

  - name: pii-masking-regex
    version: v0.1.0
    filePath: ./pii-masking-regex/v0.1.0

  - name: json-schema-guardrail
    version: v0.1.0
    filePath: ./json-schema-guardrail/v0.1.0

  - name: mcp-auth
    version: v0.1.0
    filePath: ./mcp-auth/v0.1.0

  # API Key Authentication Policy
  - name: APIKeyAuthentication
    version: v0.1.0
    filePath: ./api-key-auth/v0.1.0

  - name: AzureContentSafetyContentModeration
    version: v0.1.0
    filePath: ./azure-content-safety-content-moderation/v0.1.0

  - name: AWSBedrockGuardrail
    version: v0.1.0
    filePath: ./aws-bedrock-guardrail/v0.1.0

  - name: SemanticCache
    version: v0.1.0
    filePath: ./semantic-cache/v0.1.0
    
  - name: PromptDecorator
    version: v0.1.0
    filePath: ./prompt-decorator/v0.1.0

  - name: PromptTemplate
    version: v0.1.0
    filePath: ./prompt-template/v0.1.0

  - name: SemanticPromptGuard
    version: v0.1.0
    filePath: ./semantic-prompt-guard/v0.1.0
