github.com/wso2/api-platform/common v0.0.0-20260305095436-88c005022bd2 h1:EhlaN8IB8Z0a4XS4zXKn8GcXoRMZ/GyZCZaP3Urcq38=
github.com/wso2/api-platform/common v0.0.0-20260305095436-88c005022bd2/go.mod h1:Tv4pznkS1TK3tJvUmbgGD40Efdv063aaHG/J0TDkAzQ=
github.com/wso2/api-platform/sdk v0.4.1 h1:o/h02kMHp8knm/os8ie/MPAGYLL6dZamtuh36NpSd4w=
github.com/wso2/api-platform/sdk v0.4.1/go.mod h1:LeM3nQ86f7cyVg7uZYPgJXFsoBw/iz+nJzr94s40tYs=
