github.com/golang-jwt/jwt/v5 v5.3.1 h1:kYf81DTWFe7t+1VvL7eS+jKFVWaUnK9cB1qbwn63YCY=
github.com/golang-jwt/jwt/v5 v5.3.1/go.mod h1:fxCRLWMO43lRc8nhHWY6LGqRcf+1gQWArsqaEUEa5bE=
github.com/wso2/api-platform/sdk v0.4.3 h1:Zx94GQoJd7XjT4oOFm9i544rKUDXVt6e9kLahRnSOKc=
github.com/wso2/api-platform/sdk v0.4.3/go.mod h1:LeM3nQ86f7cyVg7uZYPgJXFsoBw/iz+nJzr94s40tYs=
github.com/wso2/gateway-controllers/policies/jwt-auth v0.8.2 h1:MM4zPt/siqtCSUmn97dwxDL4HVlXK1RhEEmbhK0yFvk=
github.com/wso2/gateway-controllers/policies/jwt-auth v0.8.2/go.mod h1:Z5QwBK8chiVUDeOKCjUiuO/V/AnacvegannMZrW73jw=
